
Microsoft Visual Studio Solution File, Format Version 12.00
# Visual Studio Version 17
VisualStudioVersion = 17.9.34607.119
MinimumVisualStudioVersion = 10.0.40219.1
Project("{8BC9CEB8-8B4A-11D0-8D11-00A0C91BC942}") = "StructSample_Date", "StructSample_Date.vcxproj", "{73516194-452D-42E2-B9FD-B2DCEC9A43E0}"
EndProject
Global
	GlobalSection(SolutionConfigurationPlatforms) = preSolution
		Debug|x64 = Debug|x64
		Debug|x86 = Debug|x86
		Release|x64 = Release|x64
		Release|x86 = Release|x86
	EndGlobalSection
	GlobalSection(ProjectConfigurationPlatforms) = postSolution
		{73516194-452D-42E2-B9FD-B2DCEC9A43E0}.Debug|x64.ActiveCfg = Debug|x64
		{73516194-452D-42E2-B9FD-B2DCEC9A43E0}.Debug|x64.Build.0 = Debug|x64
		{73516194-452D-42E2-B9FD-B2DCEC9A43E0}.Debug|x86.ActiveCfg = Debug|Win32
		{73516194-452D-42E2-B9FD-B2DCEC9A43E0}.Debug|x86.Build.0 = Debug|Win32
		{73516194-452D-42E2-B9FD-B2DCEC9A43E0}.Release|x64.ActiveCfg = Release|x64
		{73516194-452D-42E2-B9FD-B2DCEC9A43E0}.Release|x64.Build.0 = Release|x64
		{73516194-452D-42E2-B9FD-B2DCEC9A43E0}.Release|x86.ActiveCfg = Release|Win32
		{73516194-452D-42E2-B9FD-B2DCEC9A43E0}.Release|x86.Build.0 = Release|Win32
	EndGlobalSection
	GlobalSection(SolutionProperties) = preSolution
		HideSolutionNode = FALSE
	EndGlobalSection
	GlobalSection(ExtensibilityGlobals) = postSolution
		SolutionGuid = {E6315EBC-9B4A-4478-A33B-95AF41143886}
	EndGlobalSection
EndGlobal
