
Microsoft Visual Studio Solution File, Format Version 12.00
# Visual Studio Version 17
VisualStudioVersion = 17.9.34607.119
MinimumVisualStudioVersion = 10.0.40219.1
Project("{8BC9CEB8-8B4A-11D0-8D11-00A0C91BC942}") = "test", "test.vcxproj", "{C21D7604-1639-4B6A-A29C-079A30024870}"
EndProject
Global
	GlobalSection(SolutionConfigurationPlatforms) = preSolution
		Debug|x64 = Debug|x64
		Debug|x86 = Debug|x86
		Release|x64 = Release|x64
		Release|x86 = Release|x86
	EndGlobalSection
	GlobalSection(ProjectConfigurationPlatforms) = postSolution
		{C21D7604-1639-4B6A-A29C-079A30024870}.Debug|x64.ActiveCfg = Debug|x64
		{C21D7604-1639-4B6A-A29C-079A30024870}.Debug|x64.Build.0 = Debug|x64
		{C21D7604-1639-4B6A-A29C-079A30024870}.Debug|x86.ActiveCfg = Debug|Win32
		{C21D7604-1639-4B6A-A29C-079A30024870}.Debug|x86.Build.0 = Debug|Win32
		{C21D7604-1639-4B6A-A29C-079A30024870}.Release|x64.ActiveCfg = Release|x64
		{C21D7604-1639-4B6A-A29C-079A30024870}.Release|x64.Build.0 = Release|x64
		{C21D7604-1639-4B6A-A29C-079A30024870}.Release|x86.ActiveCfg = Release|Win32
		{C21D7604-1639-4B6A-A29C-079A30024870}.Release|x86.Build.0 = Release|Win32
	EndGlobalSection
	GlobalSection(SolutionProperties) = preSolution
		HideSolutionNode = FALSE
	EndGlobalSection
	GlobalSection(ExtensibilityGlobals) = postSolution
		SolutionGuid = {297B220A-8FA6-4BB3-BFE0-F1A4CDC5EE53}
	EndGlobalSection
EndGlobal
