
Microsoft Visual Studio Solution File, Format Version 12.00
# Visual Studio Version 17
VisualStudioVersion = 17.9.34607.119
MinimumVisualStudioVersion = 10.0.40219.1
Project("{8BC9CEB8-8B4A-11D0-8D11-00A0C91BC942}") = "NineTimesNine", "NineTimesNine.vcxproj", "{E5D6FE98-A6B9-4FC2-BD94-50374B14F734}"
EndProject
Global
	GlobalSection(SolutionConfigurationPlatforms) = preSolution
		Debug|x64 = Debug|x64
		Debug|x86 = Debug|x86
		Release|x64 = Release|x64
		Release|x86 = Release|x86
	EndGlobalSection
	GlobalSection(ProjectConfigurationPlatforms) = postSolution
		{E5D6FE98-A6B9-4FC2-BD94-50374B14F734}.Debug|x64.ActiveCfg = Debug|x64
		{E5D6FE98-A6B9-4FC2-BD94-50374B14F734}.Debug|x64.Build.0 = Debug|x64
		{E5D6FE98-A6B9-4FC2-BD94-50374B14F734}.Debug|x86.ActiveCfg = Debug|Win32
		{E5D6FE98-A6B9-4FC2-BD94-50374B14F734}.Debug|x86.Build.0 = Debug|Win32
		{E5D6FE98-A6B9-4FC2-BD94-50374B14F734}.Release|x64.ActiveCfg = Release|x64
		{E5D6FE98-A6B9-4FC2-BD94-50374B14F734}.Release|x64.Build.0 = Release|x64
		{E5D6FE98-A6B9-4FC2-BD94-50374B14F734}.Release|x86.ActiveCfg = Release|Win32
		{E5D6FE98-A6B9-4FC2-BD94-50374B14F734}.Release|x86.Build.0 = Release|Win32
	EndGlobalSection
	GlobalSection(SolutionProperties) = preSolution
		HideSolutionNode = FALSE
	EndGlobalSection
	GlobalSection(ExtensibilityGlobals) = postSolution
		SolutionGuid = {AC6518DF-B652-40D7-9307-B20E32949A7C}
	EndGlobalSection
EndGlobal
