
Microsoft Visual Studio Solution File, Format Version 12.00
# Visual Studio Version 17
VisualStudioVersion = 17.9.34607.119
MinimumVisualStudioVersion = 10.0.40219.1
Project("{8BC9CEB8-8B4A-11D0-8D11-00A0C91BC942}") = "StringSearch_BMMethod_Indicator", "StringSearch_BMMethod_Indicator.vcxproj", "{A31BA48E-CBDE-4004-A33D-C8FA5EF5A514}"
EndProject
Global
	GlobalSection(SolutionConfigurationPlatforms) = preSolution
		Debug|x64 = Debug|x64
		Debug|x86 = Debug|x86
		Release|x64 = Release|x64
		Release|x86 = Release|x86
	EndGlobalSection
	GlobalSection(ProjectConfigurationPlatforms) = postSolution
		{A31BA48E-CBDE-4004-A33D-C8FA5EF5A514}.Debug|x64.ActiveCfg = Debug|x64
		{A31BA48E-CBDE-4004-A33D-C8FA5EF5A514}.Debug|x64.Build.0 = Debug|x64
		{A31BA48E-CBDE-4004-A33D-C8FA5EF5A514}.Debug|x86.ActiveCfg = Debug|Win32
		{A31BA48E-CBDE-4004-A33D-C8FA5EF5A514}.Debug|x86.Build.0 = Debug|Win32
		{A31BA48E-CBDE-4004-A33D-C8FA5EF5A514}.Release|x64.ActiveCfg = Release|x64
		{A31BA48E-CBDE-4004-A33D-C8FA5EF5A514}.Release|x64.Build.0 = Release|x64
		{A31BA48E-CBDE-4004-A33D-C8FA5EF5A514}.Release|x86.ActiveCfg = Release|Win32
		{A31BA48E-CBDE-4004-A33D-C8FA5EF5A514}.Release|x86.Build.0 = Release|Win32
	EndGlobalSection
	GlobalSection(SolutionProperties) = preSolution
		HideSolutionNode = FALSE
	EndGlobalSection
	GlobalSection(ExtensibilityGlobals) = postSolution
		SolutionGuid = {064AD8B2-83A2-43C6-9F20-8EC31974DC47}
	EndGlobalSection
EndGlobal
