
Microsoft Visual Studio Solution File, Format Version 12.00
# Visual Studio Version 17
VisualStudioVersion = 17.9.34607.119
MinimumVisualStudioVersion = 10.0.40219.1
Project("{8BC9CEB8-8B4A-11D0-8D11-00A0C91BC942}") = "CountingSortSample", "CountingSortSample.vcxproj", "{C51C0DA2-B74A-48D9-8862-2684E11C3512}"
EndProject
Global
	GlobalSection(SolutionConfigurationPlatforms) = preSolution
		Debug|x64 = Debug|x64
		Debug|x86 = Debug|x86
		Release|x64 = Release|x64
		Release|x86 = Release|x86
	EndGlobalSection
	GlobalSection(ProjectConfigurationPlatforms) = postSolution
		{C51C0DA2-B74A-48D9-8862-2684E11C3512}.Debug|x64.ActiveCfg = Debug|x64
		{C51C0DA2-B74A-48D9-8862-2684E11C3512}.Debug|x64.Build.0 = Debug|x64
		{C51C0DA2-B74A-48D9-8862-2684E11C3512}.Debug|x86.ActiveCfg = Debug|Win32
		{C51C0DA2-B74A-48D9-8862-2684E11C3512}.Debug|x86.Build.0 = Debug|Win32
		{C51C0DA2-B74A-48D9-8862-2684E11C3512}.Release|x64.ActiveCfg = Release|x64
		{C51C0DA2-B74A-48D9-8862-2684E11C3512}.Release|x64.Build.0 = Release|x64
		{C51C0DA2-B74A-48D9-8862-2684E11C3512}.Release|x86.ActiveCfg = Release|Win32
		{C51C0DA2-B74A-48D9-8862-2684E11C3512}.Release|x86.Build.0 = Release|Win32
	EndGlobalSection
	GlobalSection(SolutionProperties) = preSolution
		HideSolutionNode = FALSE
	EndGlobalSection
	GlobalSection(ExtensibilityGlobals) = postSolution
		SolutionGuid = {A218FF8A-021A-40DA-AEF4-0EDA523FFF21}
	EndGlobalSection
EndGlobal
